
Microsoft Visual Studio Solution File, Format Version 12.00
# Visual Studio Version 16
VisualStudioVersion = 16.0.30804.86
MinimumVisualStudioVersion = 10.0.40219.1
Project("{9A19103F-16F7-4668-BE54-9A1E7A4F7556}") = "VeremAutomata", "Orai_Munka_2020_11_21\VeremAutomata.csproj", "{2CBEA447-2575-4702-9E56-0F58CD61FA7E}"
EndProject
Project("{FAE04EC0-301F-11D3-BF4B-00C04F79EFBC}") = "Recurzivautomata", "Recurzivautomata\Recurzivautomata.csproj", "{3D6D9BBE-FFCE-4F38-9730-694EB4FCD3E3}"
EndProject
Global
	GlobalSection(SolutionConfigurationPlatforms) = preSolution
		Debug|Any CPU = Debug|Any CPU
		Release|Any CPU = Release|Any CPU
	EndGlobalSection
	GlobalSection(ProjectConfigurationPlatforms) = postSolution
		{2CBEA447-2575-4702-9E56-0F58CD61FA7E}.Debug|Any CPU.ActiveCfg = Debug|Any CPU
		{2CBEA447-2575-4702-9E56-0F58CD61FA7E}.Debug|Any CPU.Build.0 = Debug|Any CPU
		{2CBEA447-2575-4702-9E56-0F58CD61FA7E}.Release|Any CPU.ActiveCfg = Release|Any CPU
		{2CBEA447-2575-4702-9E56-0F58CD61FA7E}.Release|Any CPU.Build.0 = Release|Any CPU
		{3D6D9BBE-FFCE-4F38-9730-694EB4FCD3E3}.Debug|Any CPU.ActiveCfg = Debug|Any CPU
		{3D6D9BBE-FFCE-4F38-9730-694EB4FCD3E3}.Debug|Any CPU.Build.0 = Debug|Any CPU
		{3D6D9BBE-FFCE-4F38-9730-694EB4FCD3E3}.Release|Any CPU.ActiveCfg = Release|Any CPU
		{3D6D9BBE-FFCE-4F38-9730-694EB4FCD3E3}.Release|Any CPU.Build.0 = Release|Any CPU
	EndGlobalSection
	GlobalSection(SolutionProperties) = preSolution
		HideSolutionNode = FALSE
	EndGlobalSection
	GlobalSection(ExtensibilityGlobals) = postSolution
		SolutionGuid = {4EA826A4-F00B-4DAD-927E-B7C64250F4A2}
	EndGlobalSection
EndGlobal
