
Microsoft Visual Studio Solution File, Format Version 12.00
# Visual Studio Version 16
VisualStudioVersion = 16.0.30804.86
MinimumVisualStudioVersion = 10.0.40219.1
Project("{FAE04EC0-301F-11D3-BF4B-00C04F79EFBC}") = "Projekt_Munka", "Projekt_Munka\Projekt_Munka.csproj", "{731D8B69-FDA6-414E-9E9E-27E834F982FF}"
EndProject
Global
	GlobalSection(SolutionConfigurationPlatforms) = preSolution
		Debug|Any CPU = Debug|Any CPU
		Release|Any CPU = Release|Any CPU
	EndGlobalSection
	GlobalSection(ProjectConfigurationPlatforms) = postSolution
		{731D8B69-FDA6-414E-9E9E-27E834F982FF}.Debug|Any CPU.ActiveCfg = Debug|Any CPU
		{731D8B69-FDA6-414E-9E9E-27E834F982FF}.Debug|Any CPU.Build.0 = Debug|Any CPU
		{731D8B69-FDA6-414E-9E9E-27E834F982FF}.Release|Any CPU.ActiveCfg = Release|Any CPU
		{731D8B69-FDA6-414E-9E9E-27E834F982FF}.Release|Any CPU.Build.0 = Release|Any CPU
	EndGlobalSection
	GlobalSection(SolutionProperties) = preSolution
		HideSolutionNode = FALSE
	EndGlobalSection
	GlobalSection(ExtensibilityGlobals) = postSolution
		SolutionGuid = {E127839C-8290-4243-9F3A-908D6C2AE617}
	EndGlobalSection
EndGlobal
